
Microsoft Visual Studio Solution File, Format Version 12.00
# Visual Studio Version 16
VisualStudioVersion = 16.0.28822.285
MinimumVisualStudioVersion = 10.0.40219.1
Project("{FAE04EC0-301F-11D3-BF4B-00C04F79EFBC}") = "VeritabaniProjesi", "VeritabaniProjesi.csproj", "{75FADDA1-1106-4364-B594-091501ABA150}"
EndProject
Global
	GlobalSection(SolutionConfigurationPlatforms) = preSolution
		Debug|Any CPU = Debug|Any CPU
		Release|Any CPU = Release|Any CPU
	EndGlobalSection
	GlobalSection(ProjectConfigurationPlatforms) = postSolution
		{75FADDA1-1106-4364-B594-091501ABA150}.Debug|Any CPU.ActiveCfg = Debug|Any CPU
		{75FADDA1-1106-4364-B594-091501ABA150}.Debug|Any CPU.Build.0 = Debug|Any CPU
		{75FADDA1-1106-4364-B594-091501ABA150}.Release|Any CPU.ActiveCfg = Release|Any CPU
		{75FADDA1-1106-4364-B594-091501ABA150}.Release|Any CPU.Build.0 = Release|Any CPU
	EndGlobalSection
	GlobalSection(SolutionProperties) = preSolution
		HideSolutionNode = FALSE
	EndGlobalSection
	GlobalSection(ExtensibilityGlobals) = postSolution
		SolutionGuid = {5F0FDA1F-0293-4455-B151-B9781C362FBC}
	EndGlobalSection
EndGlobal
